
Microsoft Visual Studio Solution File, Format Version 11.00
# Visual Studio 2010
Project("{FAE04EC0-301F-11D3-BF4B-00C04F79EFBC}") = "DevoirSQL", "DevoirSQL\DevoirSQL.csproj", "{2B23FD4F-F9D4-4271-8013-E3082CBCE86F}"
EndProject
Global
	GlobalSection(SolutionConfigurationPlatforms) = preSolution
		Debug|x86 = Debug|x86
		Release|x86 = Release|x86
	EndGlobalSection
	GlobalSection(ProjectConfigurationPlatforms) = postSolution
		{2B23FD4F-F9D4-4271-8013-E3082CBCE86F}.Debug|x86.ActiveCfg = Debug|x86
		{2B23FD4F-F9D4-4271-8013-E3082CBCE86F}.Debug|x86.Build.0 = Debug|x86
		{2B23FD4F-F9D4-4271-8013-E3082CBCE86F}.Release|x86.ActiveCfg = Release|x86
		{2B23FD4F-F9D4-4271-8013-E3082CBCE86F}.Release|x86.Build.0 = Release|x86
	EndGlobalSection
	GlobalSection(SolutionProperties) = preSolution
		HideSolutionNode = FALSE
	EndGlobalSection
EndGlobal
